
Microsoft Visual Studio Solution File, Format Version 12.00
# Visual Studio Version 17
VisualStudioVersion = 17.9.34607.119
MinimumVisualStudioVersion = 10.0.40219.1
Project("{9A19103F-16F7-4668-BE54-9A1E7A4F7556}") = "ManagementSystem", "ManagementSystem.csproj", "{E3C252DA-9706-4BD6-B11E-8C0EFF722DD4}"
EndProject
Project("{9A19103F-16F7-4668-BE54-9A1E7A4F7556}") = "ManagmentSystem.Core", "..\ManagmentSystem.Core\ManagmentSystem.Core.csproj", "{FE99CC73-EC23-4EBE-A1C6-60B35675C83D}"
EndProject
Project("{FAE04EC0-301F-11D3-BF4B-00C04F79EFBC}") = "ManagmentSystem.DataAccess", "..\ManagmentSystem.DataAccess\ManagmentSystem.DataAccess.csproj", "{7C5908DA-BD7A-450D-B422-8EC53D61B3DA}"
EndProject
Project("{FAE04EC0-301F-11D3-BF4B-00C04F79EFBC}") = "ManagmentSystem.Application", "..\ManagmentSystem.Application\ManagmentSystem.Application.csproj", "{D04C8643-6680-47C3-B578-EB090A1B6B3C}"
EndProject
Global
	GlobalSection(SolutionConfigurationPlatforms) = preSolution
		Debug|Any CPU = Debug|Any CPU
		Release|Any CPU = Release|Any CPU
	EndGlobalSection
	GlobalSection(ProjectConfigurationPlatforms) = postSolution
		{E3C252DA-9706-4BD6-B11E-8C0EFF722DD4}.Debug|Any CPU.ActiveCfg = Debug|Any CPU
		{E3C252DA-9706-4BD6-B11E-8C0EFF722DD4}.Debug|Any CPU.Build.0 = Debug|Any CPU
		{E3C252DA-9706-4BD6-B11E-8C0EFF722DD4}.Release|Any CPU.ActiveCfg = Release|Any CPU
		{E3C252DA-9706-4BD6-B11E-8C0EFF722DD4}.Release|Any CPU.Build.0 = Release|Any CPU
		{FE99CC73-EC23-4EBE-A1C6-60B35675C83D}.Debug|Any CPU.ActiveCfg = Debug|Any CPU
		{FE99CC73-EC23-4EBE-A1C6-60B35675C83D}.Debug|Any CPU.Build.0 = Debug|Any CPU
		{FE99CC73-EC23-4EBE-A1C6-60B35675C83D}.Release|Any CPU.ActiveCfg = Release|Any CPU
		{FE99CC73-EC23-4EBE-A1C6-60B35675C83D}.Release|Any CPU.Build.0 = Release|Any CPU
		{7C5908DA-BD7A-450D-B422-8EC53D61B3DA}.Debug|Any CPU.ActiveCfg = Debug|Any CPU
		{7C5908DA-BD7A-450D-B422-8EC53D61B3DA}.Debug|Any CPU.Build.0 = Debug|Any CPU
		{7C5908DA-BD7A-450D-B422-8EC53D61B3DA}.Release|Any CPU.ActiveCfg = Release|Any CPU
		{7C5908DA-BD7A-450D-B422-8EC53D61B3DA}.Release|Any CPU.Build.0 = Release|Any CPU
		{D04C8643-6680-47C3-B578-EB090A1B6B3C}.Debug|Any CPU.ActiveCfg = Debug|Any CPU
		{D04C8643-6680-47C3-B578-EB090A1B6B3C}.Debug|Any CPU.Build.0 = Debug|Any CPU
		{D04C8643-6680-47C3-B578-EB090A1B6B3C}.Release|Any CPU.ActiveCfg = Release|Any CPU
		{D04C8643-6680-47C3-B578-EB090A1B6B3C}.Release|Any CPU.Build.0 = Release|Any CPU
	EndGlobalSection
	GlobalSection(SolutionProperties) = preSolution
		HideSolutionNode = FALSE
	EndGlobalSection
	GlobalSection(ExtensibilityGlobals) = postSolution
		SolutionGuid = {6671DD58-E23E-4B6C-9310-2BB5AFF60BF7}
	EndGlobalSection
EndGlobal
